<?xml version="1.0"?>
<CONFIG>
  <ProjectOptions>
    <Version Value="9"/>
    <PathDelim Value="\"/>
    <General>
      <MainUnit Value="0"/>
      <ResourceType Value="res"/>
      <UseXPManifest Value="True"/>
      <Icon Value="0"/>
      <ActiveWindowIndexAtStart Value="0"/>
    </General>
    <i18n>
      <EnableI18N LFM="False"/>
    </i18n>
    <VersionInfo>
      <StringTable ProductVersion=""/>
    </VersionInfo>
    <BuildModes Count="1" Active="Default">
      <Item1 Name="Default" Default="True"/>
    </BuildModes>
    <PublishOptions>
      <Version Value="2"/>
      <IncludeFileFilter Value="*.(pas|pp|inc|lfm|lpr|lrs|lpi|lpk|sh|xml)"/>
      <ExcludeFileFilter Value="*.(bak|ppu|o|so);*~;backup"/>
    </PublishOptions>
    <RunParams>
      <local>
        <FormatVersion Value="1"/>
      </local>
    </RunParams>
    <RequiredPackages Count="2">
      <Item1>
        <PackageName Value="laz_synapse"/>
      </Item1>
      <Item2>
        <PackageName Value="LCL"/>
      </Item2>
    </RequiredPackages>
    <Units Count="17">
      <Unit0>
        <Filename Value="ScriptManager.lpr"/>
        <IsPartOfProject Value="True"/>
        <UnitName Value="ScriptManager"/>
        <EditorIndex Value="6"/>
        <WindowIndex Value="0"/>
        <TopLine Value="1"/>
        <CursorPos X="1" Y="18"/>
        <UsageCount Value="62"/>
        <Loaded Value="True"/>
      </Unit0>
      <Unit1>
        <Filename Value="sm_main.pas"/>
        <IsPartOfProject Value="True"/>
        <ComponentName Value="Form1"/>
        <ResourceBaseClass Value="Form"/>
        <UnitName Value="SM_Main"/>
        <IsVisibleTab Value="True"/>
        <EditorIndex Value="0"/>
        <WindowIndex Value="0"/>
        <TopLine Value="107"/>
        <CursorPos X="52" Y="118"/>
        <UsageCount Value="62"/>
        <Loaded Value="True"/>
        <LoadedDesigner Value="True"/>
      </Unit1>
      <Unit2>
        <Filename Value="sm_types.pas"/>
        <IsPartOfProject Value="True"/>
        <UnitName Value="sm_types"/>
        <EditorIndex Value="3"/>
        <WindowIndex Value="0"/>
        <TopLine Value="49"/>
        <CursorPos X="5" Y="25"/>
        <UsageCount Value="62"/>
        <Loaded Value="True"/>
      </Unit2>
      <Unit3>
        <Filename Value="D:\LazSynapse\source\lib\ftpsend.pas"/>
        <UnitName Value="ftpsend"/>
        <WindowIndex Value="0"/>
        <TopLine Value="1"/>
        <CursorPos X="1" Y="1"/>
        <UsageCount Value="7"/>
      </Unit3>
      <Unit4>
        <Filename Value="C:\lazarus\fpc\2.6.0\source\rtl\objpas\classes\classesh.inc"/>
        <WindowIndex Value="0"/>
        <TopLine Value="444"/>
        <CursorPos X="14" Y="477"/>
        <UsageCount Value="10"/>
      </Unit4>
      <Unit5>
        <Filename Value="sm_base.pas"/>
        <IsPartOfProject Value="True"/>
        <UnitName Value="sm_base"/>
        <EditorIndex Value="4"/>
        <WindowIndex Value="0"/>
        <TopLine Value="25"/>
        <CursorPos X="25" Y="69"/>
        <UsageCount Value="62"/>
        <Loaded Value="True"/>
      </Unit5>
      <Unit6>
        <Filename Value="C:\lazarus\fpc\2.6.0\source\packages\fcl-xml\src\xmlread.pp"/>
        <UnitName Value="XMLRead"/>
        <WindowIndex Value="0"/>
        <TopLine Value="32"/>
        <CursorPos X="11" Y="47"/>
        <UsageCount Value="10"/>
      </Unit6>
      <Unit7>
        <Filename Value="C:\lazarus\fpc\2.6.0\source\packages\fcl-xml\src\dom.pp"/>
        <UnitName Value="DOM"/>
        <WindowIndex Value="0"/>
        <TopLine Value="181"/>
        <CursorPos X="3" Y="196"/>
        <UsageCount Value="9"/>
      </Unit7>
      <Unit8>
        <Filename Value="C:\lazarus\fpc\2.6.0\source\rtl\inc\ustringh.inc"/>
        <EditorIndex Value="7"/>
        <WindowIndex Value="0"/>
        <TopLine Value="97"/>
        <CursorPos X="10" Y="112"/>
        <UsageCount Value="30"/>
        <Loaded Value="True"/>
      </Unit8>
      <Unit9>
        <Filename Value="C:\lazarus\lcl\include\listitems.inc"/>
        <EditorIndex Value="5"/>
        <WindowIndex Value="0"/>
        <TopLine Value="138"/>
        <CursorPos X="1" Y="153"/>
        <UsageCount Value="11"/>
        <Loaded Value="True"/>
      </Unit9>
      <Unit10>
        <Filename Value="C:\lazarus\lcl\include\customform.inc"/>
        <WindowIndex Value="0"/>
        <TopLine Value="65"/>
        <CursorPos X="1" Y="82"/>
        <UsageCount Value="8"/>
      </Unit10>
      <Unit11>
        <Filename Value="C:\lazarus\lcl\include\application.inc"/>
        <WindowIndex Value="0"/>
        <TopLine Value="2102"/>
        <CursorPos X="1" Y="2117"/>
        <UsageCount Value="8"/>
      </Unit11>
      <Unit12>
        <Filename Value="C:\lazarus\lcl\include\listitem.inc"/>
        <WindowIndex Value="0"/>
        <TopLine Value="295"/>
        <CursorPos X="1" Y="319"/>
        <UsageCount Value="7"/>
      </Unit12>
      <Unit13>
        <Filename Value="C:\lazarus\lcl\include\treeview.inc"/>
        <WindowIndex Value="0"/>
        <TopLine Value="3887"/>
        <CursorPos X="30" Y="3894"/>
        <UsageCount Value="7"/>
      </Unit13>
      <Unit14>
        <Filename Value="sm_web.pas"/>
        <IsPartOfProject Value="True"/>
        <UnitName Value="sm_web"/>
        <EditorIndex Value="2"/>
        <WindowIndex Value="0"/>
        <TopLine Value="35"/>
        <CursorPos X="21" Y="43"/>
        <UsageCount Value="24"/>
        <Loaded Value="True"/>
      </Unit14>
      <Unit15>
        <Filename Value="D:\LazSynapse\source\lib\httpsend.pas"/>
        <UnitName Value="httpsend"/>
        <WindowIndex Value="0"/>
        <TopLine Value="1"/>
        <CursorPos X="1" Y="1"/>
        <UsageCount Value="10"/>
      </Unit15>
      <Unit16>
        <Filename Value="C:\lazarus\lcl\controls.pp"/>
        <UnitName Value="Controls"/>
        <EditorIndex Value="1"/>
        <WindowIndex Value="0"/>
        <TopLine Value="1321"/>
        <CursorPos X="15" Y="1339"/>
        <UsageCount Value="11"/>
        <Loaded Value="True"/>
      </Unit16>
    </Units>
    <JumpHistory Count="30" HistoryIndex="29">
      <Position1>
        <Filename Value="sm_types.pas"/>
        <Caret Line="116" Column="1" TopLine="103"/>
      </Position1>
      <Position2>
        <Filename Value="sm_main.pas"/>
        <Caret Line="110" Column="37" TopLine="93"/>
      </Position2>
      <Position3>
        <Filename Value="sm_main.pas"/>
        <Caret Line="111" Column="37" TopLine="94"/>
      </Position3>
      <Position4>
        <Filename Value="sm_main.pas"/>
        <Caret Line="112" Column="37" TopLine="95"/>
      </Position4>
      <Position5>
        <Filename Value="sm_main.pas"/>
        <Caret Line="113" Column="37" TopLine="96"/>
      </Position5>
      <Position6>
        <Filename Value="sm_main.pas"/>
        <Caret Line="114" Column="37" TopLine="97"/>
      </Position6>
      <Position7>
        <Filename Value="sm_web.pas"/>
        <Caret Line="8" Column="25" TopLine="1"/>
      </Position7>
      <Position8>
        <Filename Value="sm_web.pas"/>
        <Caret Line="14" Column="51" TopLine="1"/>
      </Position8>
      <Position9>
        <Filename Value="sm_web.pas"/>
        <Caret Line="21" Column="9" TopLine="1"/>
      </Position9>
      <Position10>
        <Filename Value="sm_web.pas"/>
        <Caret Line="23" Column="58" TopLine="13"/>
      </Position10>
      <Position11>
        <Filename Value="sm_web.pas"/>
        <Caret Line="51" Column="3" TopLine="46"/>
      </Position11>
      <Position12>
        <Filename Value="sm_web.pas"/>
        <Caret Line="18" Column="35" TopLine="3"/>
      </Position12>
      <Position13>
        <Filename Value="sm_web.pas"/>
        <Caret Line="31" Column="32" TopLine="30"/>
      </Position13>
      <Position14>
        <Filename Value="sm_web.pas"/>
        <Caret Line="21" Column="26" TopLine="18"/>
      </Position14>
      <Position15>
        <Filename Value="sm_web.pas"/>
        <Caret Line="49" Column="43" TopLine="34"/>
      </Position15>
      <Position16>
        <Filename Value="sm_web.pas"/>
        <Caret Line="33" Column="19" TopLine="9"/>
      </Position16>
      <Position17>
        <Filename Value="sm_main.pas"/>
        <Caret Line="39" Column="52" TopLine="29"/>
      </Position17>
      <Position18>
        <Filename Value="sm_main.pas"/>
        <Caret Line="105" Column="2" TopLine="74"/>
      </Position18>
      <Position19>
        <Filename Value="sm_main.pas"/>
        <Caret Line="58" Column="1" TopLine="43"/>
      </Position19>
      <Position20>
        <Filename Value="sm_base.pas"/>
        <Caret Line="76" Column="1" TopLine="61"/>
      </Position20>
      <Position21>
        <Filename Value="sm_main.pas"/>
        <Caret Line="114" Column="20" TopLine="90"/>
      </Position21>
      <Position22>
        <Filename Value="sm_main.pas"/>
        <Caret Line="67" Column="41" TopLine="64"/>
      </Position22>
      <Position23>
        <Filename Value="sm_base.pas"/>
        <Caret Line="76" Column="1" TopLine="61"/>
      </Position23>
      <Position24>
        <Filename Value="C:\lazarus\lcl\include\listitems.inc"/>
        <Caret Line="153" Column="1" TopLine="138"/>
      </Position24>
      <Position25>
        <Filename Value="sm_base.pas"/>
        <Caret Line="76" Column="1" TopLine="61"/>
      </Position25>
      <Position26>
        <Filename Value="sm_main.pas"/>
        <Caret Line="68" Column="55" TopLine="55"/>
      </Position26>
      <Position27>
        <Filename Value="sm_main.pas"/>
        <Caret Line="87" Column="21" TopLine="68"/>
      </Position27>
      <Position28>
        <Filename Value="sm_main.pas"/>
        <Caret Line="41" Column="45" TopLine="20"/>
      </Position28>
      <Position29>
        <Filename Value="sm_main.pas"/>
        <Caret Line="92" Column="23" TopLine="70"/>
      </Position29>
      <Position30>
        <Filename Value="sm_main.pas"/>
        <Caret Line="93" Column="51" TopLine="73"/>
      </Position30>
    </JumpHistory>
  </ProjectOptions>
  <CompilerOptions>
    <Version Value="9"/>
    <PathDelim Value="\"/>
    <Target>
      <Filename Value="ScriptManager"/>
    </Target>
    <SearchPaths>
      <IncludeFiles Value="$(ProjOutDir)"/>
      <UnitOutputDirectory Value="lib\$(TargetCPU)-$(TargetOS)"/>
    </SearchPaths>
    <Linking>
      <Options>
        <Win32>
          <GraphicApplication Value="True"/>
        </Win32>
      </Options>
    </Linking>
    <Other>
      <CompilerPath Value="$(CompPath)"/>
    </Other>
  </CompilerOptions>
  <Debugging>
    <Exceptions Count="3">
      <Item1>
        <Name Value="EAbort"/>
      </Item1>
      <Item2>
        <Name Value="ECodetoolError"/>
      </Item2>
      <Item3>
        <Name Value="EFOpenError"/>
      </Item3>
    </Exceptions>
  </Debugging>
</CONFIG>
