<?xml version="1.0"?>
<CONFIG>
  <ProjectOptions>
    <Version Value="9"/>
    <PathDelim Value="\"/>
    <General>
      <MainUnit Value="0"/>
      <ResourceType Value="res"/>
      <UseXPManifest Value="True"/>
      <Icon Value="0"/>
      <ActiveWindowIndexAtStart Value="0"/>
    </General>
    <i18n>
      <EnableI18N LFM="False"/>
    </i18n>
    <VersionInfo>
      <StringTable ProductVersion=""/>
    </VersionInfo>
    <BuildModes Count="1" Active="Default">
      <Item1 Name="Default" Default="True"/>
    </BuildModes>
    <PublishOptions>
      <Version Value="2"/>
      <IncludeFileFilter Value="*.(pas|pp|inc|lfm|lpr|lrs|lpi|lpk|sh|xml)"/>
      <ExcludeFileFilter Value="*.(bak|ppu|o|so);*~;backup"/>
    </PublishOptions>
    <RunParams>
      <local>
        <FormatVersion Value="1"/>
      </local>
    </RunParams>
    <RequiredPackages Count="2">
      <Item1>
        <PackageName Value="laz_synapse"/>
      </Item1>
      <Item2>
        <PackageName Value="LCL"/>
      </Item2>
    </RequiredPackages>
    <Units Count="22">
      <Unit0>
        <Filename Value="ScriptManager.lpr"/>
        <IsPartOfProject Value="True"/>
        <UnitName Value="ScriptManager"/>
        <WindowIndex Value="0"/>
        <TopLine Value="1"/>
        <CursorPos X="1" Y="18"/>
        <UsageCount Value="110"/>
      </Unit0>
      <Unit1>
        <Filename Value="sm_main.pas"/>
        <IsPartOfProject Value="True"/>
        <ComponentName Value="Form1"/>
        <ResourceBaseClass Value="Form"/>
        <UnitName Value="SM_Main"/>
        <IsVisibleTab Value="True"/>
        <EditorIndex Value="0"/>
        <WindowIndex Value="0"/>
        <TopLine Value="48"/>
        <CursorPos X="19" Y="70"/>
        <UsageCount Value="110"/>
        <Loaded Value="True"/>
        <LoadedDesigner Value="True"/>
      </Unit1>
      <Unit2>
        <Filename Value="sm_types.pas"/>
        <IsPartOfProject Value="True"/>
        <UnitName Value="sm_types"/>
        <EditorIndex Value="5"/>
        <WindowIndex Value="0"/>
        <TopLine Value="1"/>
        <CursorPos X="29" Y="67"/>
        <UsageCount Value="110"/>
        <Loaded Value="True"/>
      </Unit2>
      <Unit3>
        <Filename Value="D:\LazSynapse\source\lib\ftpsend.pas"/>
        <UnitName Value="ftpsend"/>
        <WindowIndex Value="0"/>
        <TopLine Value="1"/>
        <CursorPos X="1" Y="1"/>
        <UsageCount Value="2"/>
      </Unit3>
      <Unit4>
        <Filename Value="C:\lazarus\fpc\2.6.0\source\rtl\objpas\classes\classesh.inc"/>
        <WindowIndex Value="0"/>
        <TopLine Value="444"/>
        <CursorPos X="14" Y="477"/>
        <UsageCount Value="5"/>
      </Unit4>
      <Unit5>
        <Filename Value="sm_srv_base.pas"/>
        <IsPartOfProject Value="True"/>
        <UnitName Value="sm_srv_base"/>
        <EditorIndex Value="7"/>
        <WindowIndex Value="0"/>
        <TopLine Value="122"/>
        <CursorPos X="25" Y="99"/>
        <UsageCount Value="110"/>
        <Loaded Value="True"/>
      </Unit5>
      <Unit6>
        <Filename Value="C:\lazarus\fpc\2.6.0\source\packages\fcl-xml\src\xmlread.pp"/>
        <UnitName Value="XMLRead"/>
        <WindowIndex Value="0"/>
        <TopLine Value="32"/>
        <CursorPos X="11" Y="47"/>
        <UsageCount Value="5"/>
      </Unit6>
      <Unit7>
        <Filename Value="C:\lazarus\fpc\2.6.0\source\packages\fcl-xml\src\dom.pp"/>
        <UnitName Value="DOM"/>
        <WindowIndex Value="0"/>
        <TopLine Value="181"/>
        <CursorPos X="3" Y="196"/>
        <UsageCount Value="4"/>
      </Unit7>
      <Unit8>
        <Filename Value="C:\lazarus\fpc\2.6.0\source\rtl\inc\ustringh.inc"/>
        <WindowIndex Value="0"/>
        <TopLine Value="93"/>
        <CursorPos X="10" Y="112"/>
        <UsageCount Value="53"/>
      </Unit8>
      <Unit9>
        <Filename Value="C:\lazarus\lcl\include\listitems.inc"/>
        <WindowIndex Value="0"/>
        <TopLine Value="110"/>
        <CursorPos X="1" Y="123"/>
        <UsageCount Value="34"/>
      </Unit9>
      <Unit10>
        <Filename Value="C:\lazarus\lcl\include\customform.inc"/>
        <WindowIndex Value="0"/>
        <TopLine Value="65"/>
        <CursorPos X="1" Y="82"/>
        <UsageCount Value="3"/>
      </Unit10>
      <Unit11>
        <Filename Value="C:\lazarus\lcl\include\application.inc"/>
        <WindowIndex Value="0"/>
        <TopLine Value="2102"/>
        <CursorPos X="1" Y="2117"/>
        <UsageCount Value="3"/>
      </Unit11>
      <Unit12>
        <Filename Value="C:\lazarus\lcl\include\listitem.inc"/>
        <WindowIndex Value="0"/>
        <TopLine Value="42"/>
        <CursorPos X="1" Y="68"/>
        <UsageCount Value="12"/>
      </Unit12>
      <Unit13>
        <Filename Value="C:\lazarus\lcl\include\treeview.inc"/>
        <EditorIndex Value="1"/>
        <WindowIndex Value="0"/>
        <TopLine Value="1856"/>
        <CursorPos X="1" Y="1884"/>
        <UsageCount Value="13"/>
        <Loaded Value="True"/>
      </Unit13>
      <Unit14>
        <Filename Value="sm_web.pas"/>
        <IsPartOfProject Value="True"/>
        <UnitName Value="sm_web"/>
        <EditorIndex Value="3"/>
        <WindowIndex Value="0"/>
        <TopLine Value="123"/>
        <CursorPos X="38" Y="129"/>
        <UsageCount Value="72"/>
        <Loaded Value="True"/>
      </Unit14>
      <Unit15>
        <Filename Value="D:\LazSynapse\source\lib\httpsend.pas"/>
        <UnitName Value="httpsend"/>
        <WindowIndex Value="0"/>
        <TopLine Value="1"/>
        <CursorPos X="1" Y="1"/>
        <UsageCount Value="5"/>
      </Unit15>
      <Unit16>
        <Filename Value="C:\lazarus\lcl\controls.pp"/>
        <UnitName Value="Controls"/>
        <EditorIndex Value="2"/>
        <WindowIndex Value="0"/>
        <TopLine Value="1321"/>
        <CursorPos X="15" Y="1339"/>
        <UsageCount Value="35"/>
        <Loaded Value="True"/>
      </Unit16>
      <Unit17>
        <Filename Value="C:\FPC\2.4.4\fpc-2.4.4\rtl\objpas\sysutils\filutilh.inc"/>
        <EditorIndex Value="4"/>
        <WindowIndex Value="0"/>
        <TopLine Value="69"/>
        <CursorPos X="10" Y="96"/>
        <UsageCount Value="34"/>
        <Loaded Value="True"/>
      </Unit17>
      <Unit18>
        <Filename Value="C:\FPC\2.4.4\fpc-2.4.4\rtl\objpas\classes\classesh.inc"/>
        <EditorIndex Value="9"/>
        <WindowIndex Value="0"/>
        <TopLine Value="421"/>
        <CursorPos X="3" Y="430"/>
        <UsageCount Value="28"/>
        <Loaded Value="True"/>
      </Unit18>
      <Unit19>
        <Filename Value="sm_utils.pas"/>
        <IsPartOfProject Value="True"/>
        <UnitName Value="sm_utils"/>
        <WindowIndex Value="0"/>
        <TopLine Value="1"/>
        <CursorPos X="24" Y="15"/>
        <UsageCount Value="29"/>
      </Unit19>
      <Unit20>
        <Filename Value="C:\FPC\2.4.4\fpc-2.4.4\rtl\objpas\sysutils\sysstrh.inc"/>
        <EditorIndex Value="6"/>
        <WindowIndex Value="0"/>
        <TopLine Value="73"/>
        <CursorPos X="10" Y="91"/>
        <UsageCount Value="15"/>
        <Loaded Value="True"/>
      </Unit20>
      <Unit21>
        <Filename Value="sm_client_base.pas"/>
        <IsPartOfProject Value="True"/>
        <UnitName Value="sm_client_base"/>
        <EditorIndex Value="8"/>
        <WindowIndex Value="0"/>
        <TopLine Value="181"/>
        <CursorPos X="5" Y="190"/>
        <UsageCount Value="21"/>
        <Loaded Value="True"/>
      </Unit21>
    </Units>
    <JumpHistory Count="24" HistoryIndex="23">
      <Position1>
        <Filename Value="sm_main.pas"/>
        <Caret Line="76" Column="4" TopLine="58"/>
      </Position1>
      <Position2>
        <Filename Value="sm_main.pas"/>
        <Caret Line="78" Column="1" TopLine="58"/>
      </Position2>
      <Position3>
        <Filename Value="sm_main.pas"/>
        <Caret Line="173" Column="1" TopLine="155"/>
      </Position3>
      <Position4>
        <Filename Value="sm_main.pas"/>
        <Caret Line="174" Column="1" TopLine="155"/>
      </Position4>
      <Position5>
        <Filename Value="sm_main.pas"/>
        <Caret Line="177" Column="1" TopLine="155"/>
      </Position5>
      <Position6>
        <Filename Value="sm_main.pas"/>
        <Caret Line="178" Column="1" TopLine="155"/>
      </Position6>
      <Position7>
        <Filename Value="sm_main.pas"/>
        <Caret Line="177" Column="1" TopLine="155"/>
      </Position7>
      <Position8>
        <Filename Value="sm_main.pas"/>
        <Caret Line="178" Column="1" TopLine="155"/>
      </Position8>
      <Position9>
        <Filename Value="sm_main.pas"/>
        <Caret Line="177" Column="1" TopLine="155"/>
      </Position9>
      <Position10>
        <Filename Value="sm_main.pas"/>
        <Caret Line="178" Column="1" TopLine="155"/>
      </Position10>
      <Position11>
        <Filename Value="sm_main.pas"/>
        <Caret Line="177" Column="1" TopLine="155"/>
      </Position11>
      <Position12>
        <Filename Value="sm_main.pas"/>
        <Caret Line="178" Column="1" TopLine="155"/>
      </Position12>
      <Position13>
        <Filename Value="sm_main.pas"/>
        <Caret Line="180" Column="1" TopLine="155"/>
      </Position13>
      <Position14>
        <Filename Value="sm_main.pas"/>
        <Caret Line="181" Column="1" TopLine="155"/>
      </Position14>
      <Position15>
        <Filename Value="sm_main.pas"/>
        <Caret Line="162" Column="57" TopLine="131"/>
      </Position15>
      <Position16>
        <Filename Value="sm_main.pas"/>
        <Caret Line="78" Column="1" TopLine="60"/>
      </Position16>
      <Position17>
        <Filename Value="sm_main.pas"/>
        <Caret Line="159" Column="50" TopLine="131"/>
      </Position17>
      <Position18>
        <Filename Value="sm_types.pas"/>
        <Caret Line="67" Column="29" TopLine="49"/>
      </Position18>
      <Position19>
        <Filename Value="sm_main.pas"/>
        <Caret Line="71" Column="3" TopLine="56"/>
      </Position19>
      <Position20>
        <Filename Value="sm_srv_base.pas"/>
        <Caret Line="15" Column="10" TopLine="1"/>
      </Position20>
      <Position21>
        <Filename Value="sm_main.pas"/>
        <Caret Line="71" Column="5" TopLine="52"/>
      </Position21>
      <Position22>
        <Filename Value="sm_client_base.pas"/>
        <Caret Line="32" Column="25" TopLine="4"/>
      </Position22>
      <Position23>
        <Filename Value="sm_client_base.pas"/>
        <Caret Line="2" Column="1" TopLine="1"/>
      </Position23>
      <Position24>
        <Filename Value="sm_main.pas"/>
        <Caret Line="9" Column="60" TopLine="1"/>
      </Position24>
    </JumpHistory>
  </ProjectOptions>
  <CompilerOptions>
    <Version Value="9"/>
    <PathDelim Value="\"/>
    <Target>
      <Filename Value="ScriptManager"/>
    </Target>
    <SearchPaths>
      <IncludeFiles Value="$(ProjOutDir)"/>
      <UnitOutputDirectory Value="lib\$(TargetCPU)-$(TargetOS)"/>
    </SearchPaths>
    <Linking>
      <Options>
        <Win32>
          <GraphicApplication Value="True"/>
        </Win32>
      </Options>
    </Linking>
    <Other>
      <CompilerPath Value="$(CompPath)"/>
    </Other>
  </CompilerOptions>
  <Debugging>
    <Exceptions Count="3">
      <Item1>
        <Name Value="EAbort"/>
      </Item1>
      <Item2>
        <Name Value="ECodetoolError"/>
      </Item2>
      <Item3>
        <Name Value="EFOpenError"/>
      </Item3>
    </Exceptions>
  </Debugging>
</CONFIG>
